// !$*UTF8*$!
{
	archiveVersion = 1;
	classes = {
	};
	objectVersion = 56;
	objects = {

/* Begin PBXBuildFile section */
		02116729290AFD0F0051B2D7 /* HomeView.swift in Sources */ = {isa = PBXBuildFile; fileRef = 02116728290AFD0F0051B2D7 /* HomeView.swift */; };
		0211672B290AFD3E0051B2D7 /* AboutUsView.swift in Sources */ = {isa = PBXBuildFile; fileRef = 0211672A290AFD3E0051B2D7 /* AboutUsView.swift */; };
		0211672D290AFD4E0051B2D7 /* FeedbackView.swift in Sources */ = {isa = PBXBuildFile; fileRef = 0211672C290AFD4E0051B2D7 /* FeedbackView.swift */; };
		0211672F290AFD560051B2D7 /* GuidelinesView.swift in Sources */ = {isa = PBXBuildFile; fileRef = 0211672E290AFD560051B2D7 /* GuidelinesView.swift */; };
		02283233293D8620008EC472 /* GroupElements.swift in Sources */ = {isa = PBXBuildFile; fileRef = 02283232293D8620008EC472 /* GroupElements.swift */; };
		023177A6293D3F420033AE8D /* ImportantElements.swift in Sources */ = {isa = PBXBuildFile; fileRef = 023177A5293D3F420033AE8D /* ImportantElements.swift */; };
		0244263A293E34CE0077E153 /* EasyData.swift in Sources */ = {isa = PBXBuildFile; fileRef = 02442639293E34CE0077E153 /* EasyData.swift */; };
		0255D72E29199FF300C41D59 /* MenuView.swift in Sources */ = {isa = PBXBuildFile; fileRef = 0255D72D29199FF300C41D59 /* MenuView.swift */; };
		0255D7302919A03900C41D59 /* Guideline1View.swift in Sources */ = {isa = PBXBuildFile; fileRef = 0255D72F2919A03900C41D59 /* Guideline1View.swift */; };
		026F11212938FFB700A5887C /* SmallScreen.swift in Sources */ = {isa = PBXBuildFile; fileRef = 026F11202938FFB700A5887C /* SmallScreen.swift */; };
		02AB0068293F8AB1003E4AF7 /* KeyboardControl.swift in Sources */ = {isa = PBXBuildFile; fileRef = 02AB0067293F8AB1003E4AF7 /* KeyboardControl.swift */; };
		02B1183129241F3900C6D102 /* TouchscreenGestures.swift in Sources */ = {isa = PBXBuildFile; fileRef = 02B1183029241F3800C6D102 /* TouchscreenGestures.swift */; };
		02BE6FD728FEE2A900559DE1 /* ADApplicationApp.swift in Sources */ = {isa = PBXBuildFile; fileRef = 02BE6FD628FEE2A900559DE1 /* ADApplicationApp.swift */; };
		02BE6FD928FEE2A900559DE1 /* ContentView.swift in Sources */ = {isa = PBXBuildFile; fileRef = 02BE6FD828FEE2A900559DE1 /* ContentView.swift */; };
		02BE6FDB28FEE2AA00559DE1 /* Assets.xcassets in Resources */ = {isa = PBXBuildFile; fileRef = 02BE6FDA28FEE2AA00559DE1 /* Assets.xcassets */; };
		02BE6FDE28FEE2AA00559DE1 /* Preview Assets.xcassets in Resources */ = {isa = PBXBuildFile; fileRef = 02BE6FDD28FEE2AA00559DE1 /* Preview Assets.xcassets */; };
		02BE6FE828FEE2AB00559DE1 /* ADApplicationTests.swift in Sources */ = {isa = PBXBuildFile; fileRef = 02BE6FE728FEE2AB00559DE1 /* ADApplicationTests.swift */; };
		02BE6FF228FEE2AB00559DE1 /* ADApplicationUITests.swift in Sources */ = {isa = PBXBuildFile; fileRef = 02BE6FF128FEE2AB00559DE1 /* ADApplicationUITests.swift */; };
		02BE6FF428FEE2AB00559DE1 /* ADApplicationUITestsLaunchTests.swift in Sources */ = {isa = PBXBuildFile; fileRef = 02BE6FF328FEE2AB00559DE1 /* ADApplicationUITestsLaunchTests.swift */; };
		02CB9978293EC27700619078 /* ManipulationGestures.swift in Sources */ = {isa = PBXBuildFile; fileRef = 02CB9977293EC27700619078 /* ManipulationGestures.swift */; };
		02CDBDCA291D7E8400024E54 /* Operable.swift in Sources */ = {isa = PBXBuildFile; fileRef = 02CDBDC9291D7E8400024E54 /* Operable.swift */; };
		02CDBDCC291D7E9400024E54 /* Understandable.swift in Sources */ = {isa = PBXBuildFile; fileRef = 02CDBDCB291D7E9400024E54 /* Understandable.swift */; };
		02CDBDCE291D7E9D00024E54 /* Robust.swift in Sources */ = {isa = PBXBuildFile; fileRef = 02CDBDCD291D7E9D00024E54 /* Robust.swift */; };
		02CE9AD12940EAF100994E3D /* ChangingScreen.swift in Sources */ = {isa = PBXBuildFile; fileRef = 02CE9AD02940EAF100994E3D /* ChangingScreen.swift */; };
		EA19399D2936E8D30048AA25 /* DataEntry.swift in Sources */ = {isa = PBXBuildFile; fileRef = EA19399C2936E8D30048AA25 /* DataEntry.swift */; };
		EA19BE322940267A008AF6E1 /* ConsistentLayout.swift in Sources */ = {isa = PBXBuildFile; fileRef = EA19BE312940267A008AF6E1 /* ConsistentLayout.swift */; };
		EA24E465293A848900FE81A0 /* Gesture.swift in Sources */ = {isa = PBXBuildFile; fileRef = EA24E464293A848900FE81A0 /* Gesture.swift */; };
		EA6B4A4829356DE700FAEF61 /* ClearElements.swift in Sources */ = {isa = PBXBuildFile; fileRef = EA6B4A4729356DE700FAEF61 /* ClearElements.swift */; };
		EA875A3F291C7229001FBD3B /* Perceivable.swift in Sources */ = {isa = PBXBuildFile; fileRef = EA875A3E291C7229001FBD3B /* Perceivable.swift */; };
		EABAC8DC293D83A90034645B /* ButtonPlacement.swift in Sources */ = {isa = PBXBuildFile; fileRef = EABAC8DB293D83A90034645B /* ButtonPlacement.swift */; };
		EABBEECB29423834000B0D38 /* SupportCharacteristics.swift in Sources */ = {isa = PBXBuildFile; fileRef = EABBEECA29423834000B0D38 /* SupportCharacteristics.swift */; };
		EAD976AD2921D2EC00F590C2 /* ColorContrast.swift in Sources */ = {isa = PBXBuildFile; fileRef = EAD976AC2921D2EC00F590C2 /* ColorContrast.swift */; };
		EAF3923229229822005372C6 /* TextMagnification.swift in Sources */ = {isa = PBXBuildFile; fileRef = EAF3923129229822005372C6 /* TextMagnification.swift */; };
		EAF3E4B52923189200AA0812 /* TargetSize.swift in Sources */ = {isa = PBXBuildFile; fileRef = EAF3E4B42923189200AA0812 /* TargetSize.swift */; };
/* End PBXBuildFile section */

/* Begin PBXContainerItemProxy section */
		02BE6FE428FEE2AB00559DE1 /* PBXContainerItemProxy */ = {
			isa = PBXContainerItemProxy;
			containerPortal = 02BE6FCB28FEE2A800559DE1 /* Project object */;
			proxyType = 1;
			remoteGlobalIDString = 02BE6FD228FEE2A900559DE1;
			remoteInfo = ADApplication;
		};
		02BE6FEE28FEE2AB00559DE1 /* PBXContainerItemProxy */ = {
			isa = PBXContainerItemProxy;
			containerPortal = 02BE6FCB28FEE2A800559DE1 /* Project object */;
			proxyType = 1;
			remoteGlobalIDString = 02BE6FD228FEE2A900559DE1;
			remoteInfo = ADApplication;
		};
/* End PBXContainerItemProxy section */

/* Begin PBXFileReference section */
		02116728290AFD0F0051B2D7 /* HomeView.swift */ = {isa = PBXFileReference; lastKnownFileType = sourcecode.swift; path = HomeView.swift; sourceTree = "<group>"; };
		0211672A290AFD3E0051B2D7 /* AboutUsView.swift */ = {isa = PBXFileReference; lastKnownFileType = sourcecode.swift; path = AboutUsView.swift; sourceTree = "<group>"; };
		0211672C290AFD4E0051B2D7 /* FeedbackView.swift */ = {isa = PBXFileReference; lastKnownFileType = sourcecode.swift; path = FeedbackView.swift; sourceTree = "<group>"; };
		0211672E290AFD560051B2D7 /* GuidelinesView.swift */ = {isa = PBXFileReference; lastKnownFileType = sourcecode.swift; path = GuidelinesView.swift; sourceTree = "<group>"; };
		02283232293D8620008EC472 /* GroupElements.swift */ = {isa = PBXFileReference; lastKnownFileType = sourcecode.swift; path = GroupElements.swift; sourceTree = "<group>"; };
		023177A5293D3F420033AE8D /* ImportantElements.swift */ = {isa = PBXFileReference; lastKnownFileType = sourcecode.swift; path = ImportantElements.swift; sourceTree = "<group>"; };
		02442639293E34CE0077E153 /* EasyData.swift */ = {isa = PBXFileReference; lastKnownFileType = sourcecode.swift; path = EasyData.swift; sourceTree = "<group>"; };
		0255D72D29199FF300C41D59 /* MenuView.swift */ = {isa = PBXFileReference; lastKnownFileType = sourcecode.swift; path = MenuView.swift; sourceTree = "<group>"; };
		0255D72F2919A03900C41D59 /* Guideline1View.swift */ = {isa = PBXFileReference; lastKnownFileType = sourcecode.swift; path = Guideline1View.swift; sourceTree = "<group>"; };
		026F11202938FFB700A5887C /* SmallScreen.swift */ = {isa = PBXFileReference; lastKnownFileType = sourcecode.swift; path = SmallScreen.swift; sourceTree = "<group>"; };
		02AB0067293F8AB1003E4AF7 /* KeyboardControl.swift */ = {isa = PBXFileReference; lastKnownFileType = sourcecode.swift; path = KeyboardControl.swift; sourceTree = "<group>"; };
		02B1183029241F3800C6D102 /* TouchscreenGestures.swift */ = {isa = PBXFileReference; lastKnownFileType = sourcecode.swift; path = TouchscreenGestures.swift; sourceTree = "<group>"; };
		02BE6FD328FEE2A900559DE1 /* ADApplication.app */ = {isa = PBXFileReference; explicitFileType = wrapper.application; includeInIndex = 0; path = ADApplication.app; sourceTree = BUILT_PRODUCTS_DIR; };
		02BE6FD628FEE2A900559DE1 /* ADApplicationApp.swift */ = {isa = PBXFileReference; lastKnownFileType = sourcecode.swift; path = ADApplicationApp.swift; sourceTree = "<group>"; };
		02BE6FD828FEE2A900559DE1 /* ContentView.swift */ = {isa = PBXFileReference; lastKnownFileType = sourcecode.swift; path = ContentView.swift; sourceTree = "<group>"; };
		02BE6FDA28FEE2AA00559DE1 /* Assets.xcassets */ = {isa = PBXFileReference; lastKnownFileType = folder.assetcatalog; path = Assets.xcassets; sourceTree = "<group>"; };
		02BE6FDD28FEE2AA00559DE1 /* Preview Assets.xcassets */ = {isa = PBXFileReference; lastKnownFileType = folder.assetcatalog; path = "Preview Assets.xcassets"; sourceTree = "<group>"; };
		02BE6FE328FEE2AB00559DE1 /* ADApplicationTests.xctest */ = {isa = PBXFileReference; explicitFileType = wrapper.cfbundle; includeInIndex = 0; path = ADApplicationTests.xctest; sourceTree = BUILT_PRODUCTS_DIR; };
		02BE6FE728FEE2AB00559DE1 /* ADApplicationTests.swift */ = {isa = PBXFileReference; lastKnownFileType = sourcecode.swift; path = ADApplicationTests.swift; sourceTree = "<group>"; };
		02BE6FED28FEE2AB00559DE1 /* ADApplicationUITests.xctest */ = {isa = PBXFileReference; explicitFileType = wrapper.cfbundle; includeInIndex = 0; path = ADApplicationUITests.xctest; sourceTree = BUILT_PRODUCTS_DIR; };
		02BE6FF128FEE2AB00559DE1 /* ADApplicationUITests.swift */ = {isa = PBXFileReference; lastKnownFileType = sourcecode.swift; path = ADApplicationUITests.swift; sourceTree = "<group>"; };
		02BE6FF328FEE2AB00559DE1 /* ADApplicationUITestsLaunchTests.swift */ = {isa = PBXFileReference; lastKnownFileType = sourcecode.swift; path = ADApplicationUITestsLaunchTests.swift; sourceTree = "<group>"; };
		02CB9977293EC27700619078 /* ManipulationGestures.swift */ = {isa = PBXFileReference; lastKnownFileType = sourcecode.swift; path = ManipulationGestures.swift; sourceTree = "<group>"; };
		02CDBDC9291D7E8400024E54 /* Operable.swift */ = {isa = PBXFileReference; lastKnownFileType = sourcecode.swift; path = Operable.swift; sourceTree = "<group>"; };
		02CDBDCB291D7E9400024E54 /* Understandable.swift */ = {isa = PBXFileReference; lastKnownFileType = sourcecode.swift; path = Understandable.swift; sourceTree = "<group>"; };
		02CDBDCD291D7E9D00024E54 /* Robust.swift */ = {isa = PBXFileReference; lastKnownFileType = sourcecode.swift; path = Robust.swift; sourceTree = "<group>"; };
		02CE9AD02940EAF100994E3D /* ChangingScreen.swift */ = {isa = PBXFileReference; lastKnownFileType = sourcecode.swift; path = ChangingScreen.swift; sourceTree = "<group>"; };
		EA19399C2936E8D30048AA25 /* DataEntry.swift */ = {isa = PBXFileReference; lastKnownFileType = sourcecode.swift; path = DataEntry.swift; sourceTree = "<group>"; };
		EA19BE312940267A008AF6E1 /* ConsistentLayout.swift */ = {isa = PBXFileReference; lastKnownFileType = sourcecode.swift; path = ConsistentLayout.swift; sourceTree = "<group>"; };
		EA24E464293A848900FE81A0 /* Gesture.swift */ = {isa = PBXFileReference; lastKnownFileType = sourcecode.swift; path = Gesture.swift; sourceTree = "<group>"; };
		EA6B4A4729356DE700FAEF61 /* ClearElements.swift */ = {isa = PBXFileReference; lastKnownFileType = sourcecode.swift; path = ClearElements.swift; sourceTree = "<group>"; };
		EA875A3E291C7229001FBD3B /* Perceivable.swift */ = {isa = PBXFileReference; lastKnownFileType = sourcecode.swift; path = Perceivable.swift; sourceTree = "<group>"; };
		EABAC8DB293D83A90034645B /* ButtonPlacement.swift */ = {isa = PBXFileReference; lastKnownFileType = sourcecode.swift; path = ButtonPlacement.swift; sourceTree = "<group>"; };
		EABBEECA29423834000B0D38 /* SupportCharacteristics.swift */ = {isa = PBXFileReference; lastKnownFileType = sourcecode.swift; path = SupportCharacteristics.swift; sourceTree = "<group>"; };
		EAD976AC2921D2EC00F590C2 /* ColorContrast.swift */ = {isa = PBXFileReference; lastKnownFileType = sourcecode.swift; path = ColorContrast.swift; sourceTree = "<group>"; };
		EAF3923129229822005372C6 /* TextMagnification.swift */ = {isa = PBXFileReference; lastKnownFileType = sourcecode.swift; path = TextMagnification.swift; sourceTree = "<group>"; };
		EAF3E4B42923189200AA0812 /* TargetSize.swift */ = {isa = PBXFileReference; lastKnownFileType = sourcecode.swift; path = TargetSize.swift; sourceTree = "<group>"; };
/* End PBXFileReference section */

/* Begin PBXFrameworksBuildPhase section */
		02BE6FD028FEE2A900559DE1 /* Frameworks */ = {
			isa = PBXFrameworksBuildPhase;
			buildActionMask = 2147483647;
			files = (
			);
			runOnlyForDeploymentPostprocessing = 0;
		};
		02BE6FE028FEE2AB00559DE1 /* Frameworks */ = {
			isa = PBXFrameworksBuildPhase;
			buildActionMask = 2147483647;
			files = (
			);
			runOnlyForDeploymentPostprocessing = 0;
		};
		02BE6FEA28FEE2AB00559DE1 /* Frameworks */ = {
			isa = PBXFrameworksBuildPhase;
			buildActionMask = 2147483647;
			files = (
			);
			runOnlyForDeploymentPostprocessing = 0;
		};
/* End PBXFrameworksBuildPhase section */

/* Begin PBXGroup section */
		02BE6FCA28FEE2A800559DE1 = {
			isa = PBXGroup;
			children = (
				02BE6FD528FEE2A900559DE1 /* ADApplication */,
				02BE6FE628FEE2AB00559DE1 /* ADApplicationTests */,
				02BE6FF028FEE2AB00559DE1 /* ADApplicationUITests */,
				02BE6FD428FEE2A900559DE1 /* Products */,
			);
			sourceTree = "<group>";
		};
		02BE6FD428FEE2A900559DE1 /* Products */ = {
			isa = PBXGroup;
			children = (
				02BE6FD328FEE2A900559DE1 /* ADApplication.app */,
				02BE6FE328FEE2AB00559DE1 /* ADApplicationTests.xctest */,
				02BE6FED28FEE2AB00559DE1 /* ADApplicationUITests.xctest */,
			);
			name = Products;
			sourceTree = "<group>";
		};
		02BE6FD528FEE2A900559DE1 /* ADApplication */ = {
			isa = PBXGroup;
			children = (
				02BE6FD628FEE2A900559DE1 /* ADApplicationApp.swift */,
				02BE6FD828FEE2A900559DE1 /* ContentView.swift */,
				0255D72D29199FF300C41D59 /* MenuView.swift */,
				02CDBDC8291D7E5900024E54 /* Understandable */,
				02116728290AFD0F0051B2D7 /* HomeView.swift */,
				0211672A290AFD3E0051B2D7 /* AboutUsView.swift */,
				0211672C290AFD4E0051B2D7 /* FeedbackView.swift */,
				0211672E290AFD560051B2D7 /* GuidelinesView.swift */,
				02CDBDC6291D7E4400024E54 /* Operable */,
				02CDBDC4291D7E3500024E54 /* Robust */,
				EA875A40291C7337001FBD3B /* Perceivable */,
				0255D72F2919A03900C41D59 /* Guideline1View.swift */,
				02BE6FDA28FEE2AA00559DE1 /* Assets.xcassets */,
				02BE6FDC28FEE2AA00559DE1 /* Preview Content */,
			);
			path = ADApplication;
			sourceTree = "<group>";
		};
		02BE6FDC28FEE2AA00559DE1 /* Preview Content */ = {
			isa = PBXGroup;
			children = (
				02BE6FDD28FEE2AA00559DE1 /* Preview Assets.xcassets */,
			);
			path = "Preview Content";
			sourceTree = "<group>";
		};
		02BE6FE628FEE2AB00559DE1 /* ADApplicationTests */ = {
			isa = PBXGroup;
			children = (
				02BE6FE728FEE2AB00559DE1 /* ADApplicationTests.swift */,
			);
			path = ADApplicationTests;
			sourceTree = "<group>";
		};
		02BE6FF028FEE2AB00559DE1 /* ADApplicationUITests */ = {
			isa = PBXGroup;
			children = (
				02BE6FF128FEE2AB00559DE1 /* ADApplicationUITests.swift */,
				02BE6FF328FEE2AB00559DE1 /* ADApplicationUITestsLaunchTests.swift */,
			);
			path = ADApplicationUITests;
			sourceTree = "<group>";
		};
		02CDBDC4291D7E3500024E54 /* Robust */ = {
			isa = PBXGroup;
			children = (
				02CDBDCD291D7E9D00024E54 /* Robust.swift */,
				02442639293E34CE0077E153 /* EasyData.swift */,
				EABBEECA29423834000B0D38 /* SupportCharacteristics.swift */,
				EA19399C2936E8D30048AA25 /* DataEntry.swift */,
			);
			path = Robust;
			sourceTree = "<group>";
		};
		02CDBDC6291D7E4400024E54 /* Operable */ = {
			isa = PBXGroup;
			children = (
				02CDBDC9291D7E8400024E54 /* Operable.swift */,
				02AB0067293F8AB1003E4AF7 /* KeyboardControl.swift */,
				02CB9977293EC27700619078 /* ManipulationGestures.swift */,
				EABAC8DB293D83A90034645B /* ButtonPlacement.swift */,
				02B1183029241F3800C6D102 /* TouchscreenGestures.swift */,
				EAF3E4B42923189200AA0812 /* TargetSize.swift */,
			);
			path = Operable;
			sourceTree = "<group>";
		};
		02CDBDC8291D7E5900024E54 /* Understandable */ = {
			isa = PBXGroup;
			children = (
				02CDBDCB291D7E9400024E54 /* Understandable.swift */,
				02CE9AD02940EAF100994E3D /* ChangingScreen.swift */,
				02283232293D8620008EC472 /* GroupElements.swift */,
				EA19BE312940267A008AF6E1 /* ConsistentLayout.swift */,
				023177A5293D3F420033AE8D /* ImportantElements.swift */,
				EA6B4A4729356DE700FAEF61 /* ClearElements.swift */,
				EA24E464293A848900FE81A0 /* Gesture.swift */,
			);
			path = Understandable;
			sourceTree = "<group>";
		};
		EA875A40291C7337001FBD3B /* Perceivable */ = {
			isa = PBXGroup;
			children = (
				EA875A3E291C7229001FBD3B /* Perceivable.swift */,
				EAD976AC2921D2EC00F590C2 /* ColorContrast.swift */,
				EAF3923129229822005372C6 /* TextMagnification.swift */,
				026F11202938FFB700A5887C /* SmallScreen.swift */,
			);
			path = Perceivable;
			sourceTree = "<group>";
		};
/* End PBXGroup section */

/* Begin PBXNativeTarget section */
		02BE6FD228FEE2A900559DE1 /* ADApplication */ = {
			isa = PBXNativeTarget;
			buildConfigurationList = 02BE6FF728FEE2AB00559DE1 /* Build configuration list for PBXNativeTarget "ADApplication" */;
			buildPhases = (
				02BE6FCF28FEE2A900559DE1 /* Sources */,
				02BE6FD028FEE2A900559DE1 /* Frameworks */,
				02BE6FD128FEE2A900559DE1 /* Resources */,
			);
			buildRules = (
			);
			dependencies = (
			);
			name = ADApplication;
			productName = ADApplication;
			productReference = 02BE6FD328FEE2A900559DE1 /* ADApplication.app */;
			productType = "com.apple.product-type.application";
		};
		02BE6FE228FEE2AB00559DE1 /* ADApplicationTests */ = {
			isa = PBXNativeTarget;
			buildConfigurationList = 02BE6FFA28FEE2AB00559DE1 /* Build configuration list for PBXNativeTarget "ADApplicationTests" */;
			buildPhases = (
				02BE6FDF28FEE2AB00559DE1 /* Sources */,
				02BE6FE028FEE2AB00559DE1 /* Frameworks */,
				02BE6FE128FEE2AB00559DE1 /* Resources */,
			);
			buildRules = (
			);
			dependencies = (
				02BE6FE528FEE2AB00559DE1 /* PBXTargetDependency */,
			);
			name = ADApplicationTests;
			productName = ADApplicationTests;
			productReference = 02BE6FE328FEE2AB00559DE1 /* ADApplicationTests.xctest */;
			productType = "com.apple.product-type.bundle.unit-test";
		};
		02BE6FEC28FEE2AB00559DE1 /* ADApplicationUITests */ = {
			isa = PBXNativeTarget;
			buildConfigurationList = 02BE6FFD28FEE2AB00559DE1 /* Build configuration list for PBXNativeTarget "ADApplicationUITests" */;
			buildPhases = (
				02BE6FE928FEE2AB00559DE1 /* Sources */,
				02BE6FEA28FEE2AB00559DE1 /* Frameworks */,
				02BE6FEB28FEE2AB00559DE1 /* Resources */,
			);
			buildRules = (
			);
			dependencies = (
				02BE6FEF28FEE2AB00559DE1 /* PBXTargetDependency */,
			);
			name = ADApplicationUITests;
			productName = ADApplicationUITests;
			productReference = 02BE6FED28FEE2AB00559DE1 /* ADApplicationUITests.xctest */;
			productType = "com.apple.product-type.bundle.ui-testing";
		};
/* End PBXNativeTarget section */

/* Begin PBXProject section */
		02BE6FCB28FEE2A800559DE1 /* Project object */ = {
			isa = PBXProject;
			attributes = {
				BuildIndependentTargetsInParallel = 1;
				LastSwiftUpdateCheck = 1400;
				LastUpgradeCheck = 1400;
				TargetAttributes = {
					02BE6FD228FEE2A900559DE1 = {
						CreatedOnToolsVersion = 14.0;
					};
					02BE6FE228FEE2AB00559DE1 = {
						CreatedOnToolsVersion = 14.0;
						TestTargetID = 02BE6FD228FEE2A900559DE1;
					};
					02BE6FEC28FEE2AB00559DE1 = {
						CreatedOnToolsVersion = 14.0;
						TestTargetID = 02BE6FD228FEE2A900559DE1;
					};
				};
			};
			buildConfigurationList = 02BE6FCE28FEE2A800559DE1 /* Build configuration list for PBXProject "ADApplication" */;
			compatibilityVersion = "Xcode 14.0";
			developmentRegion = en;
			hasScannedForEncodings = 0;
			knownRegions = (
				en,
				Base,
			);
			mainGroup = 02BE6FCA28FEE2A800559DE1;
			productRefGroup = 02BE6FD428FEE2A900559DE1 /* Products */;
			projectDirPath = "";
			projectRoot = "";
			targets = (
				02BE6FD228FEE2A900559DE1 /* ADApplication */,
				02BE6FE228FEE2AB00559DE1 /* ADApplicationTests */,
				02BE6FEC28FEE2AB00559DE1 /* ADApplicationUITests */,
			);
		};
/* End PBXProject section */

/* Begin PBXResourcesBuildPhase section */
		02BE6FD128FEE2A900559DE1 /* Resources */ = {
			isa = PBXResourcesBuildPhase;
			buildActionMask = 2147483647;
			files = (
				02BE6FDE28FEE2AA00559DE1 /* Preview Assets.xcassets in Resources */,
				02BE6FDB28FEE2AA00559DE1 /* Assets.xcassets in Resources */,
			);
			runOnlyForDeploymentPostprocessing = 0;
		};
		02BE6FE128FEE2AB00559DE1 /* Resources */ = {
			isa = PBXResourcesBuildPhase;
			buildActionMask = 2147483647;
			files = (
			);
			runOnlyForDeploymentPostprocessing = 0;
		};
		02BE6FEB28FEE2AB00559DE1 /* Resources */ = {
			isa = PBXResourcesBuildPhase;
			buildActionMask = 2147483647;
			files = (
			);
			runOnlyForDeploymentPostprocessing = 0;
		};
/* End PBXResourcesBuildPhase section */

/* Begin PBXSourcesBuildPhase section */
		02BE6FCF28FEE2A900559DE1 /* Sources */ = {
			isa = PBXSourcesBuildPhase;
			buildActionMask = 2147483647;
			files = (
				EA19399D2936E8D30048AA25 /* DataEntry.swift in Sources */,
				026F11212938FFB700A5887C /* SmallScreen.swift in Sources */,
				0255D72E29199FF300C41D59 /* MenuView.swift in Sources */,
				EABAC8DC293D83A90034645B /* ButtonPlacement.swift in Sources */,
				02B1183129241F3900C6D102 /* TouchscreenGestures.swift in Sources */,
				0255D7302919A03900C41D59 /* Guideline1View.swift in Sources */,
				02116729290AFD0F0051B2D7 /* HomeView.swift in Sources */,
				EAD976AD2921D2EC00F590C2 /* ColorContrast.swift in Sources */,
				EA24E465293A848900FE81A0 /* Gesture.swift in Sources */,
				0211672D290AFD4E0051B2D7 /* FeedbackView.swift in Sources */,
				02AB0068293F8AB1003E4AF7 /* KeyboardControl.swift in Sources */,
				EA875A3F291C7229001FBD3B /* Perceivable.swift in Sources */,
				02283233293D8620008EC472 /* GroupElements.swift in Sources */,
				023177A6293D3F420033AE8D /* ImportantElements.swift in Sources */,
				EA19BE322940267A008AF6E1 /* ConsistentLayout.swift in Sources */,
				EAF3923229229822005372C6 /* TextMagnification.swift in Sources */,

				EABBEECB29423834000B0D38 /* SupportCharacteristics.swift in Sources */,

				02CE9AD12940EAF100994E3D /* ChangingScreen.swift in Sources */,
				02BE6FD928FEE2A900559DE1 /* ContentView.swift in Sources */,
				EA6B4A4829356DE700FAEF61 /* ClearElements.swift in Sources */,
				02CDBDCE291D7E9D00024E54 /* Robust.swift in Sources */,
				02CDBDCC291D7E9400024E54 /* Understandable.swift in Sources */,
				0211672F290AFD560051B2D7 /* GuidelinesView.swift in Sources */,
				0211672B290AFD3E0051B2D7 /* AboutUsView.swift in Sources */,
				02CB9978293EC27700619078 /* ManipulationGestures.swift in Sources */,
				02BE6FD728FEE2A900559DE1 /* ADApplicationApp.swift in Sources */,
				0244263A293E34CE0077E153 /* EasyData.swift in Sources */,
				02CDBDCA291D7E8400024E54 /* Operable.swift in Sources */,
				EAF3E4B52923189200AA0812 /* TargetSize.swift in Sources */,
			);
			runOnlyForDeploymentPostprocessing = 0;
		};
		02BE6FDF28FEE2AB00559DE1 /* Sources */ = {
			isa = PBXSourcesBuildPhase;
			buildActionMask = 2147483647;
			files = (
				02BE6FE828FEE2AB00559DE1 /* ADApplicationTests.swift in Sources */,
			);
			runOnlyForDeploymentPostprocessing = 0;
		};
		02BE6FE928FEE2AB00559DE1 /* Sources */ = {
			isa = PBXSourcesBuildPhase;
			buildActionMask = 2147483647;
			files = (
				02BE6FF428FEE2AB00559DE1 /* ADApplicationUITestsLaunchTests.swift in Sources */,
				02BE6FF228FEE2AB00559DE1 /* ADApplicationUITests.swift in Sources */,
			);
			runOnlyForDeploymentPostprocessing = 0;
		};
/* End PBXSourcesBuildPhase section */

/* Begin PBXTargetDependency section */
		02BE6FE528FEE2AB00559DE1 /* PBXTargetDependency */ = {
			isa = PBXTargetDependency;
			target = 02BE6FD228FEE2A900559DE1 /* ADApplication */;
			targetProxy = 02BE6FE428FEE2AB00559DE1 /* PBXContainerItemProxy */;
		};
		02BE6FEF28FEE2AB00559DE1 /* PBXTargetDependency */ = {
			isa = PBXTargetDependency;
			target = 02BE6FD228FEE2A900559DE1 /* ADApplication */;
			targetProxy = 02BE6FEE28FEE2AB00559DE1 /* PBXContainerItemProxy */;
		};
/* End PBXTargetDependency section */

/* Begin XCBuildConfiguration section */
		02BE6FF528FEE2AB00559DE1 /* Debug */ = {
			isa = XCBuildConfiguration;
			buildSettings = {
				ALWAYS_SEARCH_USER_PATHS = NO;
				CLANG_ANALYZER_NONNULL = YES;
				CLANG_ANALYZER_NUMBER_OBJECT_CONVERSION = YES_AGGRESSIVE;
				CLANG_CXX_LANGUAGE_STANDARD = "gnu++20";
				CLANG_ENABLE_MODULES = YES;
				CLANG_ENABLE_OBJC_ARC = YES;
				CLANG_ENABLE_OBJC_WEAK = YES;
				CLANG_WARN_BLOCK_CAPTURE_AUTORELEASING = YES;
				CLANG_WARN_BOOL_CONVERSION = YES;
				CLANG_WARN_COMMA = YES;
				CLANG_WARN_CONSTANT_CONVERSION = YES;
				CLANG_WARN_DEPRECATED_OBJC_IMPLEMENTATIONS = YES;
				CLANG_WARN_DIRECT_OBJC_ISA_USAGE = YES_ERROR;
				CLANG_WARN_DOCUMENTATION_COMMENTS = YES;
				CLANG_WARN_EMPTY_BODY = YES;
				CLANG_WARN_ENUM_CONVERSION = YES;
				CLANG_WARN_INFINITE_RECURSION = YES;
				CLANG_WARN_INT_CONVERSION = YES;
				CLANG_WARN_NON_LITERAL_NULL_CONVERSION = YES;
				CLANG_WARN_OBJC_IMPLICIT_RETAIN_SELF = YES;
				CLANG_WARN_OBJC_LITERAL_CONVERSION = YES;
				CLANG_WARN_OBJC_ROOT_CLASS = YES_ERROR;
				CLANG_WARN_QUOTED_INCLUDE_IN_FRAMEWORK_HEADER = YES;
				CLANG_WARN_RANGE_LOOP_ANALYSIS = YES;
				CLANG_WARN_STRICT_PROTOTYPES = YES;
				CLANG_WARN_SUSPICIOUS_MOVE = YES;
				CLANG_WARN_UNGUARDED_AVAILABILITY = YES_AGGRESSIVE;
				CLANG_WARN_UNREACHABLE_CODE = YES;
				CLANG_WARN__DUPLICATE_METHOD_MATCH = YES;
				COPY_PHASE_STRIP = NO;
				DEBUG_INFORMATION_FORMAT = dwarf;
				ENABLE_STRICT_OBJC_MSGSEND = YES;
				ENABLE_TESTABILITY = YES;
				GCC_C_LANGUAGE_STANDARD = gnu11;
				GCC_DYNAMIC_NO_PIC = NO;
				GCC_NO_COMMON_BLOCKS = YES;
				GCC_OPTIMIZATION_LEVEL = 0;
				GCC_PREPROCESSOR_DEFINITIONS = (
					"DEBUG=1",
					"$(inherited)",
				);
				GCC_WARN_64_TO_32_BIT_CONVERSION = YES;
				GCC_WARN_ABOUT_RETURN_TYPE = YES_ERROR;
				GCC_WARN_UNDECLARED_SELECTOR = YES;
				GCC_WARN_UNINITIALIZED_AUTOS = YES_AGGRESSIVE;
				GCC_WARN_UNUSED_FUNCTION = YES;
				GCC_WARN_UNUSED_VARIABLE = YES;
				IPHONEOS_DEPLOYMENT_TARGET = 16.0;
				MTL_ENABLE_DEBUG_INFO = INCLUDE_SOURCE;
				MTL_FAST_MATH = YES;
				ONLY_ACTIVE_ARCH = YES;
				SDKROOT = iphoneos;
				SWIFT_ACTIVE_COMPILATION_CONDITIONS = DEBUG;
				SWIFT_OPTIMIZATION_LEVEL = "-Onone";
			};
			name = Debug;
		};
		02BE6FF628FEE2AB00559DE1 /* Release */ = {
			isa = XCBuildConfiguration;
			buildSettings = {
				ALWAYS_SEARCH_USER_PATHS = NO;
				CLANG_ANALYZER_NONNULL = YES;
				CLANG_ANALYZER_NUMBER_OBJECT_CONVERSION = YES_AGGRESSIVE;
				CLANG_CXX_LANGUAGE_STANDARD = "gnu++20";
				CLANG_ENABLE_MODULES = YES;
				CLANG_ENABLE_OBJC_ARC = YES;
				CLANG_ENABLE_OBJC_WEAK = YES;
				CLANG_WARN_BLOCK_CAPTURE_AUTORELEASING = YES;
				CLANG_WARN_BOOL_CONVERSION = YES;
				CLANG_WARN_COMMA = YES;
				CLANG_WARN_CONSTANT_CONVERSION = YES;
				CLANG_WARN_DEPRECATED_OBJC_IMPLEMENTATIONS = YES;
				CLANG_WARN_DIRECT_OBJC_ISA_USAGE = YES_ERROR;
				CLANG_WARN_DOCUMENTATION_COMMENTS = YES;
				CLANG_WARN_EMPTY_BODY = YES;
				CLANG_WARN_ENUM_CONVERSION = YES;
				CLANG_WARN_INFINITE_RECURSION = YES;
				CLANG_WARN_INT_CONVERSION = YES;
				CLANG_WARN_NON_LITERAL_NULL_CONVERSION = YES;
				CLANG_WARN_OBJC_IMPLICIT_RETAIN_SELF = YES;
				CLANG_WARN_OBJC_LITERAL_CONVERSION = YES;
				CLANG_WARN_OBJC_ROOT_CLASS = YES_ERROR;
				CLANG_WARN_QUOTED_INCLUDE_IN_FRAMEWORK_HEADER = YES;
				CLANG_WARN_RANGE_LOOP_ANALYSIS = YES;
				CLANG_WARN_STRICT_PROTOTYPES = YES;
				CLANG_WARN_SUSPICIOUS_MOVE = YES;
				CLANG_WARN_UNGUARDED_AVAILABILITY = YES_AGGRESSIVE;
				CLANG_WARN_UNREACHABLE_CODE = YES;
				CLANG_WARN__DUPLICATE_METHOD_MATCH = YES;
				COPY_PHASE_STRIP = NO;
				DEBUG_INFORMATION_FORMAT = "dwarf-with-dsym";
				ENABLE_NS_ASSERTIONS = NO;
				ENABLE_STRICT_OBJC_MSGSEND = YES;
				GCC_C_LANGUAGE_STANDARD = gnu11;
				GCC_NO_COMMON_BLOCKS = YES;
				GCC_WARN_64_TO_32_BIT_CONVERSION = YES;
				GCC_WARN_ABOUT_RETURN_TYPE = YES_ERROR;
				GCC_WARN_UNDECLARED_SELECTOR = YES;
				GCC_WARN_UNINITIALIZED_AUTOS = YES_AGGRESSIVE;
				GCC_WARN_UNUSED_FUNCTION = YES;
				GCC_WARN_UNUSED_VARIABLE = YES;
				IPHONEOS_DEPLOYMENT_TARGET = 16.0;
				MTL_ENABLE_DEBUG_INFO = NO;
				MTL_FAST_MATH = YES;
				SDKROOT = iphoneos;
				SWIFT_COMPILATION_MODE = wholemodule;
				SWIFT_OPTIMIZATION_LEVEL = "-O";
				VALIDATE_PRODUCT = YES;
			};
			name = Release;
		};
		02BE6FF828FEE2AB00559DE1 /* Debug */ = {
			isa = XCBuildConfiguration;
			buildSettings = {
				ASSETCATALOG_COMPILER_APPICON_NAME = AppIcon;
				ASSETCATALOG_COMPILER_GLOBAL_ACCENT_COLOR_NAME = AccentColor;
				CODE_SIGN_STYLE = Automatic;
				CURRENT_PROJECT_VERSION = 1;
				DEVELOPMENT_ASSET_PATHS = "\"ADApplication/Preview Content\"";
				DEVELOPMENT_TEAM = 8DMYLK2HN9;
				ENABLE_PREVIEWS = YES;
				GENERATE_INFOPLIST_FILE = YES;
				INFOPLIST_KEY_UIApplicationSceneManifest_Generation = YES;
				INFOPLIST_KEY_UIApplicationSupportsIndirectInputEvents = YES;
				INFOPLIST_KEY_UILaunchScreen_Generation = YES;
				INFOPLIST_KEY_UISupportedInterfaceOrientations_iPad = "UIInterfaceOrientationPortrait UIInterfaceOrientationPortraitUpsideDown UIInterfaceOrientationLandscapeLeft UIInterfaceOrientationLandscapeRight";
				INFOPLIST_KEY_UISupportedInterfaceOrientations_iPhone = "UIInterfaceOrientationPortrait UIInterfaceOrientationLandscapeLeft UIInterfaceOrientationLandscapeRight";
				LD_RUNPATH_SEARCH_PATHS = (
					"$(inherited)",
					"@executable_path/Frameworks",
				);
				MARKETING_VERSION = 1.0;
				PRODUCT_BUNDLE_IDENTIFIER = com.bridget.ulian.ADApplication;
				PRODUCT_NAME = "$(TARGET_NAME)";
				SWIFT_EMIT_LOC_STRINGS = YES;
				SWIFT_VERSION = 5.0;
				TARGETED_DEVICE_FAMILY = "1,2";
			};
			name = Debug;
		};
		02BE6FF928FEE2AB00559DE1 /* Release */ = {
			isa = XCBuildConfiguration;
			buildSettings = {
				ASSETCATALOG_COMPILER_APPICON_NAME = AppIcon;
				ASSETCATALOG_COMPILER_GLOBAL_ACCENT_COLOR_NAME = AccentColor;
				CODE_SIGN_STYLE = Automatic;
				CURRENT_PROJECT_VERSION = 1;
				DEVELOPMENT_ASSET_PATHS = "\"ADApplication/Preview Content\"";
				DEVELOPMENT_TEAM = 8DMYLK2HN9;
				ENABLE_PREVIEWS = YES;
				GENERATE_INFOPLIST_FILE = YES;
				INFOPLIST_KEY_UIApplicationSceneManifest_Generation = YES;
				INFOPLIST_KEY_UIApplicationSupportsIndirectInputEvents = YES;
				INFOPLIST_KEY_UILaunchScreen_Generation = YES;
				INFOPLIST_KEY_UISupportedInterfaceOrientations_iPad = "UIInterfaceOrientationPortrait UIInterfaceOrientationPortraitUpsideDown UIInterfaceOrientationLandscapeLeft UIInterfaceOrientationLandscapeRight";
				INFOPLIST_KEY_UISupportedInterfaceOrientations_iPhone = "UIInterfaceOrientationPortrait UIInterfaceOrientationLandscapeLeft UIInterfaceOrientationLandscapeRight";
				LD_RUNPATH_SEARCH_PATHS = (
					"$(inherited)",
					"@executable_path/Frameworks",
				);
				MARKETING_VERSION = 1.0;
				PRODUCT_BUNDLE_IDENTIFIER = com.bridget.ulian.ADApplication;
				PRODUCT_NAME = "$(TARGET_NAME)";
				SWIFT_EMIT_LOC_STRINGS = YES;
				SWIFT_VERSION = 5.0;
				TARGETED_DEVICE_FAMILY = "1,2";
			};
			name = Release;
		};
		02BE6FFB28FEE2AB00559DE1 /* Debug */ = {
			isa = XCBuildConfiguration;
			buildSettings = {
				ALWAYS_EMBED_SWIFT_STANDARD_LIBRARIES = YES;
				BUNDLE_LOADER = "$(TEST_HOST)";
				CODE_SIGN_STYLE = Automatic;
				CURRENT_PROJECT_VERSION = 1;
				DEVELOPMENT_TEAM = 8DMYLK2HN9;
				GENERATE_INFOPLIST_FILE = YES;
				IPHONEOS_DEPLOYMENT_TARGET = 16.0;
				MARKETING_VERSION = 1.0;
				PRODUCT_BUNDLE_IDENTIFIER = com.bridget.ulian.ADApplicationTests;
				PRODUCT_NAME = "$(TARGET_NAME)";
				SWIFT_EMIT_LOC_STRINGS = NO;
				SWIFT_VERSION = 5.0;
				TARGETED_DEVICE_FAMILY = "1,2";
				TEST_HOST = "$(BUILT_PRODUCTS_DIR)/ADApplication.app/$(BUNDLE_EXECUTABLE_FOLDER_PATH)/ADApplication";
			};
			name = Debug;
		};
		02BE6FFC28FEE2AB00559DE1 /* Release */ = {
			isa = XCBuildConfiguration;
			buildSettings = {
				ALWAYS_EMBED_SWIFT_STANDARD_LIBRARIES = YES;
				BUNDLE_LOADER = "$(TEST_HOST)";
				CODE_SIGN_STYLE = Automatic;
				CURRENT_PROJECT_VERSION = 1;
				DEVELOPMENT_TEAM = 8DMYLK2HN9;
				GENERATE_INFOPLIST_FILE = YES;
				IPHONEOS_DEPLOYMENT_TARGET = 16.0;
				MARKETING_VERSION = 1.0;
				PRODUCT_BUNDLE_IDENTIFIER = com.bridget.ulian.ADApplicationTests;
				PRODUCT_NAME = "$(TARGET_NAME)";
				SWIFT_EMIT_LOC_STRINGS = NO;
				SWIFT_VERSION = 5.0;
				TARGETED_DEVICE_FAMILY = "1,2";
				TEST_HOST = "$(BUILT_PRODUCTS_DIR)/ADApplication.app/$(BUNDLE_EXECUTABLE_FOLDER_PATH)/ADApplication";
			};
			name = Release;
		};
		02BE6FFE28FEE2AB00559DE1 /* Debug */ = {
			isa = XCBuildConfiguration;
			buildSettings = {
				ALWAYS_EMBED_SWIFT_STANDARD_LIBRARIES = YES;
				CODE_SIGN_STYLE = Automatic;
				CURRENT_PROJECT_VERSION = 1;
				DEVELOPMENT_TEAM = 8DMYLK2HN9;
				GENERATE_INFOPLIST_FILE = YES;
				MARKETING_VERSION = 1.0;
				PRODUCT_BUNDLE_IDENTIFIER = com.bridget.ulian.ADApplicationUITests;
				PRODUCT_NAME = "$(TARGET_NAME)";
				SWIFT_EMIT_LOC_STRINGS = NO;
				SWIFT_VERSION = 5.0;
				TARGETED_DEVICE_FAMILY = "1,2";
				TEST_TARGET_NAME = ADApplication;
			};
			name = Debug;
		};
		02BE6FFF28FEE2AB00559DE1 /* Release */ = {
			isa = XCBuildConfiguration;
			buildSettings = {
				ALWAYS_EMBED_SWIFT_STANDARD_LIBRARIES = YES;
				CODE_SIGN_STYLE = Automatic;
				CURRENT_PROJECT_VERSION = 1;
				DEVELOPMENT_TEAM = 8DMYLK2HN9;
				GENERATE_INFOPLIST_FILE = YES;
				MARKETING_VERSION = 1.0;
				PRODUCT_BUNDLE_IDENTIFIER = com.bridget.ulian.ADApplicationUITests;
				PRODUCT_NAME = "$(TARGET_NAME)";
				SWIFT_EMIT_LOC_STRINGS = NO;
				SWIFT_VERSION = 5.0;
				TARGETED_DEVICE_FAMILY = "1,2";
				TEST_TARGET_NAME = ADApplication;
			};
			name = Release;
		};
/* End XCBuildConfiguration section */

/* Begin XCConfigurationList section */
		02BE6FCE28FEE2A800559DE1 /* Build configuration list for PBXProject "ADApplication" */ = {
			isa = XCConfigurationList;
			buildConfigurations = (
				02BE6FF528FEE2AB00559DE1 /* Debug */,
				02BE6FF628FEE2AB00559DE1 /* Release */,
			);
			defaultConfigurationIsVisible = 0;
			defaultConfigurationName = Release;
		};
		02BE6FF728FEE2AB00559DE1 /* Build configuration list for PBXNativeTarget "ADApplication" */ = {
			isa = XCConfigurationList;
			buildConfigurations = (
				02BE6FF828FEE2AB00559DE1 /* Debug */,
				02BE6FF928FEE2AB00559DE1 /* Release */,
			);
			defaultConfigurationIsVisible = 0;
			defaultConfigurationName = Release;
		};
		02BE6FFA28FEE2AB00559DE1 /* Build configuration list for PBXNativeTarget "ADApplicationTests" */ = {
			isa = XCConfigurationList;
			buildConfigurations = (
				02BE6FFB28FEE2AB00559DE1 /* Debug */,
				02BE6FFC28FEE2AB00559DE1 /* Release */,
			);
			defaultConfigurationIsVisible = 0;
			defaultConfigurationName = Release;
		};
		02BE6FFD28FEE2AB00559DE1 /* Build configuration list for PBXNativeTarget "ADApplicationUITests" */ = {
			isa = XCConfigurationList;
			buildConfigurations = (
				02BE6FFE28FEE2AB00559DE1 /* Debug */,
				02BE6FFF28FEE2AB00559DE1 /* Release */,
			);
			defaultConfigurationIsVisible = 0;
			defaultConfigurationName = Release;
		};
/* End XCConfigurationList section */
	};
	rootObject = 02BE6FCB28FEE2A800559DE1 /* Project object */;
}
